
Microsoft Visual Studio Solution File, Format Version 12.00
# Visual Studio Version 17
VisualStudioVersion = 17.6.33829.357
MinimumVisualStudioVersion = 10.0.40219.1
Project("{FAE04EC0-301F-11D3-BF4B-00C04F79EFBC}") = "Task_MathHelper", "Task_MathHelper\Task_MathHelper.csproj", "{88055152-0A79-4B65-B391-D8B5585F1206}"
EndProject
Global
	GlobalSection(SolutionConfigurationPlatforms) = preSolution
		Debug|Any CPU = Debug|Any CPU
		Release|Any CPU = Release|Any CPU
	EndGlobalSection
	GlobalSection(ProjectConfigurationPlatforms) = postSolution
		{88055152-0A79-4B65-B391-D8B5585F1206}.Debug|Any CPU.ActiveCfg = Debug|Any CPU
		{88055152-0A79-4B65-B391-D8B5585F1206}.Debug|Any CPU.Build.0 = Debug|Any CPU
		{88055152-0A79-4B65-B391-D8B5585F1206}.Release|Any CPU.ActiveCfg = Release|Any CPU
		{88055152-0A79-4B65-B391-D8B5585F1206}.Release|Any CPU.Build.0 = Release|Any CPU
	EndGlobalSection
	GlobalSection(SolutionProperties) = preSolution
		HideSolutionNode = FALSE
	EndGlobalSection
	GlobalSection(ExtensibilityGlobals) = postSolution
		SolutionGuid = {2A81A6E5-AA0E-42EB-9AA8-3C3F8AF43A54}
	EndGlobalSection
EndGlobal
